// !$*UTF8*$!
{
	archiveVersion = 1;
	classes = {
	};
	objectVersion = 52;
	objects = {

/* Begin PBXBuildFile section */
		47B999D825AE66F600A1DD01 /* SpandexTests.swift in Sources */ = {isa = PBXBuildFile; fileRef = 47B999D625AE66F600A1DD01 /* SpandexTests.swift */; };
		47B999D925AE66F600A1DD01 /* Info.plist in Resources */ = {isa = PBXBuildFile; fileRef = 47B999D725AE66F600A1DD01 /* Info.plist */; };
		47B999E225AEA4E700A1DD01 /* Sauce in Frameworks */ = {isa = PBXBuildFile; productRef = 47B999E125AEA4E700A1DD01 /* Sauce */; };
		47BEB8B225ABE05F00689136 /* SpandexApp.swift in Sources */ = {isa = PBXBuildFile; fileRef = 47BEB8B125ABE05F00689136 /* SpandexApp.swift */; };
		47BEB8B425ABE05F00689136 /* ContentView.swift in Sources */ = {isa = PBXBuildFile; fileRef = 47BEB8B325ABE05F00689136 /* ContentView.swift */; };
		47BEB8B625ABE06000689136 /* Assets.xcassets in Resources */ = {isa = PBXBuildFile; fileRef = 47BEB8B525ABE06000689136 /* Assets.xcassets */; };
		47BEB8B925ABE06000689136 /* Preview Assets.xcassets in Resources */ = {isa = PBXBuildFile; fileRef = 47BEB8B825ABE06000689136 /* Preview Assets.xcassets */; };
/* End PBXBuildFile section */

/* Begin PBXContainerItemProxy section */
		47B999CE25AE66E200A1DD01 /* PBXContainerItemProxy */ = {
			isa = PBXContainerItemProxy;
			containerPortal = 47BEB8A625ABE05F00689136 /* Project object */;
			proxyType = 1;
			remoteGlobalIDString = 47BEB8AD25ABE05F00689136;
			remoteInfo = Spandex;
		};
/* End PBXContainerItemProxy section */

/* Begin PBXFileReference section */
		47B999C925AE66E200A1DD01 /* SpandexTests.xctest */ = {isa = PBXFileReference; explicitFileType = wrapper.cfbundle; includeInIndex = 0; path = SpandexTests.xctest; sourceTree = BUILT_PRODUCTS_DIR; };
		47B999D625AE66F600A1DD01 /* SpandexTests.swift */ = {isa = PBXFileReference; fileEncoding = 4; lastKnownFileType = sourcecode.swift; path = SpandexTests.swift; sourceTree = "<group>"; };
		47B999D725AE66F600A1DD01 /* Info.plist */ = {isa = PBXFileReference; fileEncoding = 4; lastKnownFileType = text.plist.xml; path = Info.plist; sourceTree = "<group>"; };
		47BEB8AE25ABE05F00689136 /* Spandex.app */ = {isa = PBXFileReference; explicitFileType = wrapper.application; includeInIndex = 0; path = Spandex.app; sourceTree = BUILT_PRODUCTS_DIR; };
		47BEB8B125ABE05F00689136 /* SpandexApp.swift */ = {isa = PBXFileReference; lastKnownFileType = sourcecode.swift; path = SpandexApp.swift; sourceTree = "<group>"; };
		47BEB8B325ABE05F00689136 /* ContentView.swift */ = {isa = PBXFileReference; lastKnownFileType = sourcecode.swift; path = ContentView.swift; sourceTree = "<group>"; };
		47BEB8B525ABE06000689136 /* Assets.xcassets */ = {isa = PBXFileReference; lastKnownFileType = folder.assetcatalog; path = Assets.xcassets; sourceTree = "<group>"; };
		47BEB8B825ABE06000689136 /* Preview Assets.xcassets */ = {isa = PBXFileReference; lastKnownFileType = folder.assetcatalog; path = "Preview Assets.xcassets"; sourceTree = "<group>"; };
		47BEB8BA25ABE06000689136 /* Info.plist */ = {isa = PBXFileReference; lastKnownFileType = text.plist.xml; path = Info.plist; sourceTree = "<group>"; };
		47BEB8BB25ABE06000689136 /* Spandex.entitlements */ = {isa = PBXFileReference; lastKnownFileType = text.plist.entitlements; path = Spandex.entitlements; sourceTree = "<group>"; };
/* End PBXFileReference section */

/* Begin PBXFrameworksBuildPhase section */
		47B999C625AE66E200A1DD01 /* Frameworks */ = {
			isa = PBXFrameworksBuildPhase;
			buildActionMask = 2147483647;
			files = (
			);
			runOnlyForDeploymentPostprocessing = 0;
		};
		47BEB8AB25ABE05F00689136 /* Frameworks */ = {
			isa = PBXFrameworksBuildPhase;
			buildActionMask = 2147483647;
			files = (
				47B999E225AEA4E700A1DD01 /* Sauce in Frameworks */,
			);
			runOnlyForDeploymentPostprocessing = 0;
		};
/* End PBXFrameworksBuildPhase section */

/* Begin PBXGroup section */
		47B999D525AE66F600A1DD01 /* SpandexTests */ = {
			isa = PBXGroup;
			children = (
				47B999D625AE66F600A1DD01 /* SpandexTests.swift */,
				47B999D725AE66F600A1DD01 /* Info.plist */,
			);
			path = SpandexTests;
			sourceTree = "<group>";
		};
		47BEB8A525ABE05F00689136 = {
			isa = PBXGroup;
			children = (
				47BEB8B025ABE05F00689136 /* Spandex */,
				47B999D525AE66F600A1DD01 /* SpandexTests */,
				47BEB8AF25ABE05F00689136 /* Products */,
			);
			sourceTree = "<group>";
		};
		47BEB8AF25ABE05F00689136 /* Products */ = {
			isa = PBXGroup;
			children = (
				47BEB8AE25ABE05F00689136 /* Spandex.app */,
				47B999C925AE66E200A1DD01 /* SpandexTests.xctest */,
			);
			name = Products;
			sourceTree = "<group>";
		};
		47BEB8B025ABE05F00689136 /* Spandex */ = {
			isa = PBXGroup;
			children = (
				47BEB8B125ABE05F00689136 /* SpandexApp.swift */,
				47BEB8B325ABE05F00689136 /* ContentView.swift */,
				47BEB8B525ABE06000689136 /* Assets.xcassets */,
				47BEB8BA25ABE06000689136 /* Info.plist */,
				47BEB8BB25ABE06000689136 /* Spandex.entitlements */,
				47BEB8B725ABE06000689136 /* Preview Content */,
			);
			path = Spandex;
			sourceTree = "<group>";
		};
		47BEB8B725ABE06000689136 /* Preview Content */ = {
			isa = PBXGroup;
			children = (
				47BEB8B825ABE06000689136 /* Preview Assets.xcassets */,
			);
			path = "Preview Content";
			sourceTree = "<group>";
		};
/* End PBXGroup section */

/* Begin PBXNativeTarget section */
		47B999C825AE66E200A1DD01 /* SpandexTests */ = {
			isa = PBXNativeTarget;
			buildConfigurationList = 47B999D025AE66E200A1DD01 /* Build configuration list for PBXNativeTarget "SpandexTests" */;
			buildPhases = (
				47B999C525AE66E200A1DD01 /* Sources */,
				47B999C625AE66E200A1DD01 /* Frameworks */,
				47B999C725AE66E200A1DD01 /* Resources */,
			);
			buildRules = (
			);
			dependencies = (
				47B999CF25AE66E200A1DD01 /* PBXTargetDependency */,
			);
			name = SpandexTests;
			productName = SpandexTests;
			productReference = 47B999C925AE66E200A1DD01 /* SpandexTests.xctest */;
			productType = "com.apple.product-type.bundle.unit-test";
		};
		47BEB8AD25ABE05F00689136 /* Spandex */ = {
			isa = PBXNativeTarget;
			buildConfigurationList = 47BEB8BE25ABE06000689136 /* Build configuration list for PBXNativeTarget "Spandex" */;
			buildPhases = (
				47BEB8AA25ABE05F00689136 /* Sources */,
				47BEB8AB25ABE05F00689136 /* Frameworks */,
				47BEB8AC25ABE05F00689136 /* Resources */,
			);
			buildRules = (
			);
			dependencies = (
			);
			name = Spandex;
			packageProductDependencies = (
				47B999E125AEA4E700A1DD01 /* Sauce */,
			);
			productName = Spandex;
			productReference = 47BEB8AE25ABE05F00689136 /* Spandex.app */;
			productType = "com.apple.product-type.application";
		};
/* End PBXNativeTarget section */

/* Begin PBXProject section */
		47BEB8A625ABE05F00689136 /* Project object */ = {
			isa = PBXProject;
			attributes = {
				LastSwiftUpdateCheck = 1230;
				LastUpgradeCheck = 1230;
				TargetAttributes = {
					47B999C825AE66E200A1DD01 = {
						CreatedOnToolsVersion = 12.3;
						TestTargetID = 47BEB8AD25ABE05F00689136;
					};
					47BEB8AD25ABE05F00689136 = {
						CreatedOnToolsVersion = 12.3;
					};
				};
			};
			buildConfigurationList = 47BEB8A925ABE05F00689136 /* Build configuration list for PBXProject "Spandex" */;
			compatibilityVersion = "Xcode 9.3";
			developmentRegion = en;
			hasScannedForEncodings = 0;
			knownRegions = (
				en,
				Base,
			);
			mainGroup = 47BEB8A525ABE05F00689136;
			packageReferences = (
				47B999E025AEA4E700A1DD01 /* XCRemoteSwiftPackageReference "Sauce" */,
			);
			productRefGroup = 47BEB8AF25ABE05F00689136 /* Products */;
			projectDirPath = "";
			projectRoot = "";
			targets = (
				47BEB8AD25ABE05F00689136 /* Spandex */,
				47B999C825AE66E200A1DD01 /* SpandexTests */,
			);
		};
/* End PBXProject section */

/* Begin PBXResourcesBuildPhase section */
		47B999C725AE66E200A1DD01 /* Resources */ = {
			isa = PBXResourcesBuildPhase;
			buildActionMask = 2147483647;
			files = (
				47B999D925AE66F600A1DD01 /* Info.plist in Resources */,
			);
			runOnlyForDeploymentPostprocessing = 0;
		};
		47BEB8AC25ABE05F00689136 /* Resources */ = {
			isa = PBXResourcesBuildPhase;
			buildActionMask = 2147483647;
			files = (
				47BEB8B925ABE06000689136 /* Preview Assets.xcassets in Resources */,
				47BEB8B625ABE06000689136 /* Assets.xcassets in Resources */,
			);
			runOnlyForDeploymentPostprocessing = 0;
		};
/* End PBXResourcesBuildPhase section */

/* Begin PBXSourcesBuildPhase section */
		47B999C525AE66E200A1DD01 /* Sources */ = {
			isa = PBXSourcesBuildPhase;
			buildActionMask = 2147483647;
			files = (
				47B999D825AE66F600A1DD01 /* SpandexTests.swift in Sources */,
			);
			runOnlyForDeploymentPostprocessing = 0;
		};
		47BEB8AA25ABE05F00689136 /* Sources */ = {
			isa = PBXSourcesBuildPhase;
			buildActionMask = 2147483647;
			files = (
				47BEB8B425ABE05F00689136 /* ContentView.swift in Sources */,
				47BEB8B225ABE05F00689136 /* SpandexApp.swift in Sources */,
			);
			runOnlyForDeploymentPostprocessing = 0;
		};
/* End PBXSourcesBuildPhase section */

/* Begin PBXTargetDependency section */
		47B999CF25AE66E200A1DD01 /* PBXTargetDependency */ = {
			isa = PBXTargetDependency;
			target = 47BEB8AD25ABE05F00689136 /* Spandex */;
			targetProxy = 47B999CE25AE66E200A1DD01 /* PBXContainerItemProxy */;
		};
/* End PBXTargetDependency section */

/* Begin XCBuildConfiguration section */
		47B999D125AE66E200A1DD01 /* Debug */ = {
			isa = XCBuildConfiguration;
			buildSettings = {
				BUNDLE_LOADER = "$(TEST_HOST)";
				CODE_SIGN_STYLE = Automatic;
				COMBINE_HIDPI_IMAGES = YES;
				DEVELOPMENT_TEAM = QC99C9JE59;
				INFOPLIST_FILE = SpandexTests/Info.plist;
				LD_RUNPATH_SEARCH_PATHS = (
					"$(inherited)",
					"@executable_path/../Frameworks",
					"@loader_path/../Frameworks",
				);
				PRODUCT_BUNDLE_IDENTIFIER = com.kitlangton.SpandexTests;
				PRODUCT_NAME = "$(TARGET_NAME)";
				SWIFT_VERSION = 5.0;
				TEST_HOST = "$(BUILT_PRODUCTS_DIR)/Spandex.app/Contents/MacOS/Spandex";
			};
			name = Debug;
		};
		47B999D225AE66E200A1DD01 /* Release */ = {
			isa = XCBuildConfiguration;
			buildSettings = {
				BUNDLE_LOADER = "$(TEST_HOST)";
				CODE_SIGN_STYLE = Automatic;
				COMBINE_HIDPI_IMAGES = YES;
				DEVELOPMENT_TEAM = QC99C9JE59;
				INFOPLIST_FILE = SpandexTests/Info.plist;
				LD_RUNPATH_SEARCH_PATHS = (
					"$(inherited)",
					"@executable_path/../Frameworks",
					"@loader_path/../Frameworks",
				);
				PRODUCT_BUNDLE_IDENTIFIER = com.kitlangton.SpandexTests;
				PRODUCT_NAME = "$(TARGET_NAME)";
				SWIFT_VERSION = 5.0;
				TEST_HOST = "$(BUILT_PRODUCTS_DIR)/Spandex.app/Contents/MacOS/Spandex";
			};
			name = Release;
		};
		47BEB8BC25ABE06000689136 /* Debug */ = {
			isa = XCBuildConfiguration;
			buildSettings = {
				ALWAYS_SEARCH_USER_PATHS = NO;
				CLANG_ANALYZER_NONNULL = YES;
				CLANG_ANALYZER_NUMBER_OBJECT_CONVERSION = YES_AGGRESSIVE;
				CLANG_CXX_LANGUAGE_STANDARD = "gnu++14";
				CLANG_CXX_LIBRARY = "libc++";
				CLANG_ENABLE_MODULES = YES;
				CLANG_ENABLE_OBJC_ARC = YES;
				CLANG_ENABLE_OBJC_WEAK = YES;
				CLANG_WARN_BLOCK_CAPTURE_AUTORELEASING = YES;
				CLANG_WARN_BOOL_CONVERSION = YES;
				CLANG_WARN_COMMA = YES;
				CLANG_WARN_CONSTANT_CONVERSION = YES;
				CLANG_WARN_DEPRECATED_OBJC_IMPLEMENTATIONS = YES;
				CLANG_WARN_DIRECT_OBJC_ISA_USAGE = YES_ERROR;
				CLANG_WARN_DOCUMENTATION_COMMENTS = YES;
				CLANG_WARN_EMPTY_BODY = YES;
				CLANG_WARN_ENUM_CONVERSION = YES;
				CLANG_WARN_INFINITE_RECURSION = YES;
				CLANG_WARN_INT_CONVERSION = YES;
				CLANG_WARN_NON_LITERAL_NULL_CONVERSION = YES;
				CLANG_WARN_OBJC_IMPLICIT_RETAIN_SELF = YES;
				CLANG_WARN_OBJC_LITERAL_CONVERSION = YES;
				CLANG_WARN_OBJC_ROOT_CLASS = YES_ERROR;
				CLANG_WARN_QUOTED_INCLUDE_IN_FRAMEWORK_HEADER = YES;
				CLANG_WARN_RANGE_LOOP_ANALYSIS = YES;
				CLANG_WARN_STRICT_PROTOTYPES = YES;
				CLANG_WARN_SUSPICIOUS_MOVE = YES;
				CLANG_WARN_UNGUARDED_AVAILABILITY = YES_AGGRESSIVE;
				CLANG_WARN_UNREACHABLE_CODE = YES;
				CLANG_WARN__DUPLICATE_METHOD_MATCH = YES;
				COPY_PHASE_STRIP = NO;
				DEBUG_INFORMATION_FORMAT = dwarf;
				ENABLE_STRICT_OBJC_MSGSEND = YES;
				ENABLE_TESTABILITY = YES;
				GCC_C_LANGUAGE_STANDARD = gnu11;
				GCC_DYNAMIC_NO_PIC = NO;
				GCC_NO_COMMON_BLOCKS = YES;
				GCC_OPTIMIZATION_LEVEL = 0;
				GCC_PREPROCESSOR_DEFINITIONS = (
					"DEBUG=1",
					"$(inherited)",
				);
				GCC_WARN_64_TO_32_BIT_CONVERSION = YES;
				GCC_WARN_ABOUT_RETURN_TYPE = YES_ERROR;
				GCC_WARN_UNDECLARED_SELECTOR = YES;
				GCC_WARN_UNINITIALIZED_AUTOS = YES_AGGRESSIVE;
				GCC_WARN_UNUSED_FUNCTION = YES;
				GCC_WARN_UNUSED_VARIABLE = YES;
				MACOSX_DEPLOYMENT_TARGET = 11.1;
				MTL_ENABLE_DEBUG_INFO = INCLUDE_SOURCE;
				MTL_FAST_MATH = YES;
				ONLY_ACTIVE_ARCH = YES;
				SDKROOT = macosx;
				SWIFT_ACTIVE_COMPILATION_CONDITIONS = DEBUG;
				SWIFT_OPTIMIZATION_LEVEL = "-Onone";
			};
			name = Debug;
		};
		47BEB8BD25ABE06000689136 /* Release */ = {
			isa = XCBuildConfiguration;
			buildSettings = {
				ALWAYS_SEARCH_USER_PATHS = NO;
				CLANG_ANALYZER_NONNULL = YES;
				CLANG_ANALYZER_NUMBER_OBJECT_CONVERSION = YES_AGGRESSIVE;
				CLANG_CXX_LANGUAGE_STANDARD = "gnu++14";
				CLANG_CXX_LIBRARY = "libc++";
				CLANG_ENABLE_MODULES = YES;
				CLANG_ENABLE_OBJC_ARC = YES;
				CLANG_ENABLE_OBJC_WEAK = YES;
				CLANG_WARN_BLOCK_CAPTURE_AUTORELEASING = YES;
				CLANG_WARN_BOOL_CONVERSION = YES;
				CLANG_WARN_COMMA = YES;
				CLANG_WARN_CONSTANT_CONVERSION = YES;
				CLANG_WARN_DEPRECATED_OBJC_IMPLEMENTATIONS = YES;
				CLANG_WARN_DIRECT_OBJC_ISA_USAGE = YES_ERROR;
				CLANG_WARN_DOCUMENTATION_COMMENTS = YES;
				CLANG_WARN_EMPTY_BODY = YES;
				CLANG_WARN_ENUM_CONVERSION = YES;
				CLANG_WARN_INFINITE_RECURSION = YES;
				CLANG_WARN_INT_CONVERSION = YES;
				CLANG_WARN_NON_LITERAL_NULL_CONVERSION = YES;
				CLANG_WARN_OBJC_IMPLICIT_RETAIN_SELF = YES;
				CLANG_WARN_OBJC_LITERAL_CONVERSION = YES;
				CLANG_WARN_OBJC_ROOT_CLASS = YES_ERROR;
				CLANG_WARN_QUOTED_INCLUDE_IN_FRAMEWORK_HEADER = YES;
				CLANG_WARN_RANGE_LOOP_ANALYSIS = YES;
				CLANG_WARN_STRICT_PROTOTYPES = YES;
				CLANG_WARN_SUSPICIOUS_MOVE = YES;
				CLANG_WARN_UNGUARDED_AVAILABILITY = YES_AGGRESSIVE;
				CLANG_WARN_UNREACHABLE_CODE = YES;
				CLANG_WARN__DUPLICATE_METHOD_MATCH = YES;
				COPY_PHASE_STRIP = NO;
				DEBUG_INFORMATION_FORMAT = "dwarf-with-dsym";
				ENABLE_NS_ASSERTIONS = NO;
				ENABLE_STRICT_OBJC_MSGSEND = YES;
				GCC_C_LANGUAGE_STANDARD = gnu11;
				GCC_NO_COMMON_BLOCKS = YES;
				GCC_WARN_64_TO_32_BIT_CONVERSION = YES;
				GCC_WARN_ABOUT_RETURN_TYPE = YES_ERROR;
				GCC_WARN_UNDECLARED_SELECTOR = YES;
				GCC_WARN_UNINITIALIZED_AUTOS = YES_AGGRESSIVE;
				GCC_WARN_UNUSED_FUNCTION = YES;
				GCC_WARN_UNUSED_VARIABLE = YES;
				MACOSX_DEPLOYMENT_TARGET = 11.1;
				MTL_ENABLE_DEBUG_INFO = NO;
				MTL_FAST_MATH = YES;
				SDKROOT = macosx;
				SWIFT_COMPILATION_MODE = wholemodule;
				SWIFT_OPTIMIZATION_LEVEL = "-O";
			};
			name = Release;
		};
		47BEB8BF25ABE06000689136 /* Debug */ = {
			isa = XCBuildConfiguration;
			buildSettings = {
				ASSETCATALOG_COMPILER_APPICON_NAME = AppIcon;
				ASSETCATALOG_COMPILER_GLOBAL_ACCENT_COLOR_NAME = AccentColor;
				CODE_SIGN_ENTITLEMENTS = Spandex/Spandex.entitlements;
				CODE_SIGN_STYLE = Automatic;
				COMBINE_HIDPI_IMAGES = YES;
				DEVELOPMENT_ASSET_PATHS = "\"Spandex/Preview Content\"";
				DEVELOPMENT_TEAM = QC99C9JE59;
				ENABLE_HARDENED_RUNTIME = YES;
				ENABLE_PREVIEWS = YES;
				INFOPLIST_FILE = Spandex/Info.plist;
				LD_RUNPATH_SEARCH_PATHS = (
					"$(inherited)",
					"@executable_path/../Frameworks",
				);
				MACOSX_DEPLOYMENT_TARGET = 11.0;
				PRODUCT_BUNDLE_IDENTIFIER = com.kitlangton.Spandex;
				PRODUCT_NAME = "$(TARGET_NAME)";
				SWIFT_VERSION = 5.0;
			};
			name = Debug;
		};
		47BEB8C025ABE06000689136 /* Release */ = {
			isa = XCBuildConfiguration;
			buildSettings = {
				ASSETCATALOG_COMPILER_APPICON_NAME = AppIcon;
				ASSETCATALOG_COMPILER_GLOBAL_ACCENT_COLOR_NAME = AccentColor;
				CODE_SIGN_ENTITLEMENTS = Spandex/Spandex.entitlements;
				CODE_SIGN_STYLE = Automatic;
				COMBINE_HIDPI_IMAGES = YES;
				DEVELOPMENT_ASSET_PATHS = "\"Spandex/Preview Content\"";
				DEVELOPMENT_TEAM = QC99C9JE59;
				ENABLE_HARDENED_RUNTIME = YES;
				ENABLE_PREVIEWS = YES;
				INFOPLIST_FILE = Spandex/Info.plist;
				LD_RUNPATH_SEARCH_PATHS = (
					"$(inherited)",
					"@executable_path/../Frameworks",
				);
				MACOSX_DEPLOYMENT_TARGET = 11.0;
				PRODUCT_BUNDLE_IDENTIFIER = com.kitlangton.Spandex;
				PRODUCT_NAME = "$(TARGET_NAME)";
				SWIFT_VERSION = 5.0;
			};
			name = Release;
		};
/* End XCBuildConfiguration section */

/* Begin XCConfigurationList section */
		47B999D025AE66E200A1DD01 /* Build configuration list for PBXNativeTarget "SpandexTests" */ = {
			isa = XCConfigurationList;
			buildConfigurations = (
				47B999D125AE66E200A1DD01 /* Debug */,
				47B999D225AE66E200A1DD01 /* Release */,
			);
			defaultConfigurationIsVisible = 0;
			defaultConfigurationName = Release;
		};
		47BEB8A925ABE05F00689136 /* Build configuration list for PBXProject "Spandex" */ = {
			isa = XCConfigurationList;
			buildConfigurations = (
				47BEB8BC25ABE06000689136 /* Debug */,
				47BEB8BD25ABE06000689136 /* Release */,
			);
			defaultConfigurationIsVisible = 0;
			defaultConfigurationName = Release;
		};
		47BEB8BE25ABE06000689136 /* Build configuration list for PBXNativeTarget "Spandex" */ = {
			isa = XCConfigurationList;
			buildConfigurations = (
				47BEB8BF25ABE06000689136 /* Debug */,
				47BEB8C025ABE06000689136 /* Release */,
			);
			defaultConfigurationIsVisible = 0;
			defaultConfigurationName = Release;
		};
/* End XCConfigurationList section */

/* Begin XCRemoteSwiftPackageReference section */
		47B999E025AEA4E700A1DD01 /* XCRemoteSwiftPackageReference "Sauce" */ = {
			isa = XCRemoteSwiftPackageReference;
			repositoryURL = "https://github.com/Clipy/Sauce";
			requirement = {
				kind = upToNextMajorVersion;
				minimumVersion = 2.1.0;
			};
		};
/* End XCRemoteSwiftPackageReference section */

/* Begin XCSwiftPackageProductDependency section */
		47B999E125AEA4E700A1DD01 /* Sauce */ = {
			isa = XCSwiftPackageProductDependency;
			package = 47B999E025AEA4E700A1DD01 /* XCRemoteSwiftPackageReference "Sauce" */;
			productName = Sauce;
		};
/* End XCSwiftPackageProductDependency section */
	};
	rootObject = 47BEB8A625ABE05F00689136 /* Project object */;
}
